{
  "requires": true,
  "lockfileVersion": 1,
  "dependencies": {
    "dialog-polyfill": {
      "version": "0.5.1",
      "resolved": "https://registry.npmjs.org/dialog-polyfill/-/dialog-polyfill-0.5.1.tgz",
      "integrity": "sha512-1+VxuUxUz1aUpVoZZADSx/PAtMJedtvOFzLJ/HYWboXxmWwtxBPnYzK8IDgxvojcpetewaJJg30f2pIvo4zbLw=="
    }
  }
}
